
Microsoft Visual Studio Solution File, Format Version 12.00
# Visual Studio Version 16
VisualStudioVersion = 16.0.32228.343
MinimumVisualStudioVersion = 10.0.40219.1
Project("{FAE04EC0-301F-11D3-BF4B-00C04F79EFBC}") = "DailyLogTransfer", "DailyLogTransfer\DailyLogTransfer.csproj", "{3FCDDC5E-7CAE-4C50-B979-8C7972172844}"
EndProject
Global
	GlobalSection(SolutionConfigurationPlatforms) = preSolution
		Debug|Any CPU = Debug|Any CPU
		Release|Any CPU = Release|Any CPU
	EndGlobalSection
	GlobalSection(ProjectConfigurationPlatforms) = postSolution
		{3FCDDC5E-7CAE-4C50-B979-8C7972172844}.Debug|Any CPU.ActiveCfg = Debug|Any CPU
		{3FCDDC5E-7CAE-4C50-B979-8C7972172844}.Debug|Any CPU.Build.0 = Debug|Any CPU
		{3FCDDC5E-7CAE-4C50-B979-8C7972172844}.Release|Any CPU.ActiveCfg = Release|Any CPU
		{3FCDDC5E-7CAE-4C50-B979-8C7972172844}.Release|Any CPU.Build.0 = Release|Any CPU
	EndGlobalSection
	GlobalSection(SolutionProperties) = preSolution
		HideSolutionNode = FALSE
	EndGlobalSection
	GlobalSection(ExtensibilityGlobals) = postSolution
		SolutionGuid = {75E3A1DA-0D6E-4956-AFCD-56DBFDCAAA09}
	EndGlobalSection
EndGlobal
